<?xml version="1.0" encoding="utf-8"?>
<Project ToolsVersion="4.0" xmlns="http://schemas.microsoft.com/developer/msbuild/2003">
  <ItemGroup>
    <Filter Include="win32">
      <UniqueIdentifier>{84a8ebd7-7cf0-47f6-b75e-d441df67da40}</UniqueIdentifier>
    </Filter>
    <Filter Include="resource">
      <UniqueIdentifier>{715254bc-d70b-4ec5-bf29-467dd3ace079}</UniqueIdentifier>
    </Filter>
    <Filter Include="src">
      <UniqueIdentifier>{bb6c862e-70e9-49d9-81b7-3829a6f50471}</UniqueIdentifier>
    </Filter>
    <Filter Include="src\GameScene">
      <UniqueIdentifier>{a0574572-a307-4d6f-b4e9-f3c1e0a4228b}</UniqueIdentifier>
    </Filter>
    <Filter Include="src\Object">
      <UniqueIdentifier>{389fe0c9-5bed-47da-ab6c-b48b29b5fe01}</UniqueIdentifier>
    </Filter>
    <Filter Include="src\Managers">
      <UniqueIdentifier>{d36cf23a-23df-4fde-9b5b-5413e356233f}</UniqueIdentifier>
    </Filter>
    <Filter Include="src\TitleScene">
      <UniqueIdentifier>{8740b4aa-c649-4d7c-9fba-2b65e042c391}</UniqueIdentifier>
    </Filter>
    <Filter Include="src\Object\PopUps">
      <UniqueIdentifier>{3b230dde-0081-449b-80a1-122381568fa1}</UniqueIdentifier>
    </Filter>
    <Filter Include="src\Object\PopUps\Question">
      <UniqueIdentifier>{3ab92d34-26bc-4982-9c49-2b61c5282b29}</UniqueIdentifier>
    </Filter>
  </ItemGroup>
  <ItemGroup>
    <ClCompile Include="main.cpp">
      <Filter>win32</Filter>
    </ClCompile>
    <ClCompile Include="..\Classes\GameScene.cpp">
      <Filter>src\GameScene</Filter>
    </ClCompile>
    <ClCompile Include="..\Classes\AppDelegate.cpp">
      <Filter>src</Filter>
    </ClCompile>
    <ClCompile Include="..\Classes\Friendly.cpp">
      <Filter>src\Object</Filter>
    </ClCompile>
    <ClCompile Include="..\Classes\Floor.cpp">
      <Filter>src\Object</Filter>
    </ClCompile>
    <ClCompile Include="..\Classes\EnenySpawner.cpp">
      <Filter>src\Object</Filter>
    </ClCompile>
    <ClCompile Include="..\Classes\Enemy.cpp">
      <Filter>src\Object</Filter>
    </ClCompile>
    <ClCompile Include="..\Classes\GameManager.cpp">
      <Filter>src\Managers</Filter>
    </ClCompile>
    <ClCompile Include="..\Classes\SkeletonObject.cpp">
      <Filter>src\Object</Filter>
    </ClCompile>
    <ClCompile Include="..\Classes\Button.cpp">
      <Filter>src\Object</Filter>
    </ClCompile>
    <ClCompile Include="..\Classes\TitleScene.cpp">
      <Filter>src\TitleScene</Filter>
    </ClCompile>
    <ClCompile Include="..\Classes\PopUpManager.cpp">
      <Filter>src\Managers</Filter>
    </ClCompile>
    <ClCompile Include="..\Classes\MainPopUp.cpp">
      <Filter>src\Object\PopUps</Filter>
    </ClCompile>
    <ClCompile Include="..\Classes\PopUp.cpp">
      <Filter>src\Object\PopUps</Filter>
    </ClCompile>
    <ClCompile Include="..\Classes\TeamPopUp.cpp">
      <Filter>src\Object\PopUps</Filter>
    </ClCompile>
    <ClCompile Include="..\Classes\DevelopPopUp.cpp">
      <Filter>src\Object\PopUps\Question</Filter>
    </ClCompile>
    <ClCompile Include="..\Classes\TutorialPopUp.cpp">
      <Filter>src\Object\PopUps\Question</Filter>
    </ClCompile>
    <ClCompile Include="..\Classes\BoxTutorialPopUp.cpp">
      <Filter>src\Object\PopUps\Question</Filter>
    </ClCompile>
    <ClCompile Include="..\Classes\QuestPopUp.cpp">
      <Filter>src\Object\PopUps\Question</Filter>
    </ClCompile>
    <ClCompile Include="..\Classes\ItemSet.cpp">
      <Filter>src\Object</Filter>
    </ClCompile>
    <ClCompile Include="..\Classes\ItemInformationCell.cpp">
      <Filter>src\Object\PopUps</Filter>
    </ClCompile>
    <ClCompile Include="..\Classes\ItemInformationDataSource.cpp">
      <Filter>src\Object\PopUps</Filter>
    </ClCompile>
    <ClCompile Include="..\Classes\RandomBoxPopUp.cpp">
      <Filter>src\Object\PopUps</Filter>
    </ClCompile>
    <ClCompile Include="..\Classes\BoxResultPopUp.cpp">
      <Filter>src\Object\PopUps</Filter>
    </ClCompile>
    <ClCompile Include="..\Classes\FoodCollectionPopUp.cpp">
      <Filter>src\Object\PopUps</Filter>
    </ClCompile>
    <ClCompile Include="..\Classes\LandmarkCollectionPopUp.cpp">
      <Filter>src\Object\PopUps</Filter>
    </ClCompile>
    <ClCompile Include="..\Classes\CAndFCollectionPopUp.cpp">
      <Filter>src\Object\PopUps</Filter>
    </ClCompile>
    <ClCompile Include="..\Classes\CollectionSelectPopUp.cpp">
      <Filter>src\Object\PopUps</Filter>
    </ClCompile>
    <ClCompile Include="..\Classes\OutPopUp.cpp">
      <Filter>src\Object\PopUps</Filter>
    </ClCompile>
  </ItemGroup>
  <ItemGroup>
    <ClInclude Include="main.h">
      <Filter>win32</Filter>
    </ClInclude>
    <ClInclude Include="..\Classes\GameScene.h">
      <Filter>src\GameScene</Filter>
    </ClInclude>
    <ClInclude Include="..\Classes\AppDelegate.h">
      <Filter>src</Filter>
    </ClInclude>
    <ClInclude Include="..\Classes\UserRule.h">
      <Filter>src</Filter>
    </ClInclude>
    <ClInclude Include="..\Classes\Friendly.h">
      <Filter>src\Object</Filter>
    </ClInclude>
    <ClInclude Include="..\Classes\Floor.h">
      <Filter>src\Object</Filter>
    </ClInclude>
    <ClInclude Include="..\Classes\EnenySpawner.h">
      <Filter>src\Object</Filter>
    </ClInclude>
    <ClInclude Include="..\Classes\Enemy.h">
      <Filter>src\Object</Filter>
    </ClInclude>
    <ClInclude Include="..\Classes\GameManager.h">
      <Filter>src\Managers</Filter>
    </ClInclude>
    <ClInclude Include="..\Classes\SkeletonObject.h">
      <Filter>src\Object</Filter>
    </ClInclude>
    <ClInclude Include="..\Classes\Button.h">
      <Filter>src\Object</Filter>
    </ClInclude>
    <ClInclude Include="..\Classes\TitleScene.h">
      <Filter>src\TitleScene</Filter>
    </ClInclude>
    <ClInclude Include="..\Classes\PopUpManager.h">
      <Filter>src\Managers</Filter>
    </ClInclude>
    <ClInclude Include="..\Classes\MainPopUp.h">
      <Filter>src\Object\PopUps</Filter>
    </ClInclude>
    <ClInclude Include="..\Classes\PopUp.h">
      <Filter>src\Object\PopUps</Filter>
    </ClInclude>
    <ClInclude Include="..\Classes\TeamPopUp.h">
      <Filter>src\Object\PopUps</Filter>
    </ClInclude>
    <ClInclude Include="..\Classes\DevelopPopUp.h">
      <Filter>src\Object\PopUps\Question</Filter>
    </ClInclude>
    <ClInclude Include="..\Classes\TutorialPopUp.h">
      <Filter>src\Object\PopUps\Question</Filter>
    </ClInclude>
    <ClInclude Include="..\Classes\BoxTutorialPopUp.h">
      <Filter>src\Object\PopUps\Question</Filter>
    </ClInclude>
    <ClInclude Include="..\Classes\QuestPopUp.h">
      <Filter>src\Object\PopUps\Question</Filter>
    </ClInclude>
    <ClInclude Include="..\Classes\ItemSet.h">
      <Filter>src\Object</Filter>
    </ClInclude>
    <ClInclude Include="..\Classes\ItemInformationCell.h">
      <Filter>src\Object\PopUps</Filter>
    </ClInclude>
    <ClInclude Include="..\Classes\ItemInformationDataSource.h">
      <Filter>src\Object\PopUps</Filter>
    </ClInclude>
    <ClInclude Include="..\Classes\RandomBoxPopUp.h">
      <Filter>src\Object\PopUps</Filter>
    </ClInclude>
    <ClInclude Include="..\Classes\BoxResultPopUp.h">
      <Filter>src\Object\PopUps</Filter>
    </ClInclude>
    <ClInclude Include="..\Classes\CollectionSelectPopUp.h">
      <Filter>src\Object\PopUps</Filter>
    </ClInclude>
    <ClInclude Include="..\Classes\FoodCollectionPopUp.h">
      <Filter>src\Object\PopUps</Filter>
    </ClInclude>
    <ClInclude Include="..\Classes\LandmarkCollectionPopUp.h">
      <Filter>src\Object\PopUps</Filter>
    </ClInclude>
    <ClInclude Include="..\Classes\CAndFCollectionPopUp.h">
      <Filter>src\Object\PopUps</Filter>
    </ClInclude>
    <ClInclude Include="..\Classes\OutPopUp.h">
      <Filter>src\Object\PopUps</Filter>
    </ClInclude>
  </ItemGroup>
  <ItemGroup>
    <ResourceCompile Include="game.rc">
      <Filter>resource</Filter>
    </ResourceCompile>
  </ItemGroup>
</Project>